lockfileVersion: 5.4

specifiers:
  flowbite-svelte: ^0.29.5

devDependencies:
  flowbite-svelte: 0.29.5

packages:

  /@popperjs/core/2.11.6:
    resolution: {integrity: sha512-50/17A98tWUfQ176raKiOGXuYpLyyVMkxxG6oylzL3BPOlA6ADGdK7EYunSa4I064xerltq9TGXs8HmOk5E+vw==}
    dev: true

  /classnames/2.3.2:
    resolution: {integrity: sha512-CSbhY4cFEJRe6/GQzIk5qXZ4Jeg5pcsP7b5peFSDpffpe1cqjASH/n9UTjBwOp6XpMSTwQ8Za2K5V02ueA7Tmw==}
    dev: true

  /flowbite-svelte/0.29.5:
    resolution: {integrity: sha512-ZpXgXI28I8E5sGTLhV5a2KbpYiRIyU1UUZ5sEp1XRRHHkUbbIG3GI0jZx61AB1spie+BYUubNbE4+jad4rzekw==}
    engines: {node: '>=16.0.0', npm: '>=7.0.0'}
    dependencies:
      '@popperjs/core': 2.11.6
      classnames: 2.3.2
      flowbite: 1.5.5
    dev: true

  /flowbite/1.5.5:
    resolution: {integrity: sha512-LWJteH6zO+6BrnerH6GEU9OFpjWmkCWi9BD3XnJdBOVevNnt7u8gW+S+4keqD5OGpHu+QU860pLzNKeNlhlf6g==}
    dependencies:
      '@popperjs/core': 2.11.6
      mini-svg-data-uri: 1.4.4
    dev: true

  /mini-svg-data-uri/1.4.4:
    resolution: {integrity: sha512-r9deDe9p5FJUPZAk3A59wGH7Ii9YrjjWw0jmw/liSbHl2CHiyXj6FcDXDu2K3TjVAXqiJdaw3xxwlZZr9E6nHg==}
    hasBin: true
    dev: true
